
Microsoft Visual Studio Solution File, Format Version 12.00
# Visual Studio Version 17
VisualStudioVersion = 17.0.31903.59
MinimumVisualStudioVersion = 10.0.40219.1
Project("{FAE04EC0-301F-11D3-BF4B-00C04F79EFBC}") = "BaltaTestes", "BaltaTestes\BaltaTestes.csproj", "{D39314A9-4FC6-400A-92CF-5259260E42B6}"
EndProject
Project("{FAE04EC0-301F-11D3-BF4B-00C04F79EFBC}") = "Calculator", "Calculator\Calculator.csproj", "{5651DB5B-9C9B-408E-B6BA-215448850CCC}"
EndProject
Project("{2150E333-8FDC-42A3-9474-1A3956D46DE8}") = "Balta", "Balta", "{042F32FD-337A-5304-B843-E60955631EEB}"
EndProject
Project("{FAE04EC0-301F-11D3-BF4B-00C04F79EFBC}") = "Stopwatch", "Balta\Stopwatch\Stopwatch.csproj", "{EDAA9B7B-6415-4BE3-A6AB-20D46A50D85A}"
EndProject
Global
	GlobalSection(SolutionConfigurationPlatforms) = preSolution
		Debug|Any CPU = Debug|Any CPU
		Debug|x64 = Debug|x64
		Debug|x86 = Debug|x86
		Release|Any CPU = Release|Any CPU
		Release|x64 = Release|x64
		Release|x86 = Release|x86
	EndGlobalSection
	GlobalSection(ProjectConfigurationPlatforms) = postSolution
		{D39314A9-4FC6-400A-92CF-5259260E42B6}.Debug|Any CPU.ActiveCfg = Debug|Any CPU
		{D39314A9-4FC6-400A-92CF-5259260E42B6}.Debug|Any CPU.Build.0 = Debug|Any CPU
		{D39314A9-4FC6-400A-92CF-5259260E42B6}.Debug|x64.ActiveCfg = Debug|Any CPU
		{D39314A9-4FC6-400A-92CF-5259260E42B6}.Debug|x64.Build.0 = Debug|Any CPU
		{D39314A9-4FC6-400A-92CF-5259260E42B6}.Debug|x86.ActiveCfg = Debug|Any CPU
		{D39314A9-4FC6-400A-92CF-5259260E42B6}.Debug|x86.Build.0 = Debug|Any CPU
		{D39314A9-4FC6-400A-92CF-5259260E42B6}.Release|Any CPU.ActiveCfg = Release|Any CPU
		{D39314A9-4FC6-400A-92CF-5259260E42B6}.Release|Any CPU.Build.0 = Release|Any CPU
		{D39314A9-4FC6-400A-92CF-5259260E42B6}.Release|x64.ActiveCfg = Release|Any CPU
		{D39314A9-4FC6-400A-92CF-5259260E42B6}.Release|x64.Build.0 = Release|Any CPU
		{D39314A9-4FC6-400A-92CF-5259260E42B6}.Release|x86.ActiveCfg = Release|Any CPU
		{D39314A9-4FC6-400A-92CF-5259260E42B6}.Release|x86.Build.0 = Release|Any CPU
		{5651DB5B-9C9B-408E-B6BA-215448850CCC}.Debug|Any CPU.ActiveCfg = Debug|Any CPU
		{5651DB5B-9C9B-408E-B6BA-215448850CCC}.Debug|Any CPU.Build.0 = Debug|Any CPU
		{5651DB5B-9C9B-408E-B6BA-215448850CCC}.Debug|x64.ActiveCfg = Debug|Any CPU
		{5651DB5B-9C9B-408E-B6BA-215448850CCC}.Debug|x64.Build.0 = Debug|Any CPU
		{5651DB5B-9C9B-408E-B6BA-215448850CCC}.Debug|x86.ActiveCfg = Debug|Any CPU
		{5651DB5B-9C9B-408E-B6BA-215448850CCC}.Debug|x86.Build.0 = Debug|Any CPU
		{5651DB5B-9C9B-408E-B6BA-215448850CCC}.Release|Any CPU.ActiveCfg = Release|Any CPU
		{5651DB5B-9C9B-408E-B6BA-215448850CCC}.Release|Any CPU.Build.0 = Release|Any CPU
		{5651DB5B-9C9B-408E-B6BA-215448850CCC}.Release|x64.ActiveCfg = Release|Any CPU
		{5651DB5B-9C9B-408E-B6BA-215448850CCC}.Release|x64.Build.0 = Release|Any CPU
		{5651DB5B-9C9B-408E-B6BA-215448850CCC}.Release|x86.ActiveCfg = Release|Any CPU
		{5651DB5B-9C9B-408E-B6BA-215448850CCC}.Release|x86.Build.0 = Release|Any CPU
		{EDAA9B7B-6415-4BE3-A6AB-20D46A50D85A}.Debug|Any CPU.ActiveCfg = Debug|Any CPU
		{EDAA9B7B-6415-4BE3-A6AB-20D46A50D85A}.Debug|Any CPU.Build.0 = Debug|Any CPU
		{EDAA9B7B-6415-4BE3-A6AB-20D46A50D85A}.Debug|x64.ActiveCfg = Debug|Any CPU
		{EDAA9B7B-6415-4BE3-A6AB-20D46A50D85A}.Debug|x64.Build.0 = Debug|Any CPU
		{EDAA9B7B-6415-4BE3-A6AB-20D46A50D85A}.Debug|x86.ActiveCfg = Debug|Any CPU
		{EDAA9B7B-6415-4BE3-A6AB-20D46A50D85A}.Debug|x86.Build.0 = Debug|Any CPU
		{EDAA9B7B-6415-4BE3-A6AB-20D46A50D85A}.Release|Any CPU.ActiveCfg = Release|Any CPU
		{EDAA9B7B-6415-4BE3-A6AB-20D46A50D85A}.Release|Any CPU.Build.0 = Release|Any CPU
		{EDAA9B7B-6415-4BE3-A6AB-20D46A50D85A}.Release|x64.ActiveCfg = Release|Any CPU
		{EDAA9B7B-6415-4BE3-A6AB-20D46A50D85A}.Release|x64.Build.0 = Release|Any CPU
		{EDAA9B7B-6415-4BE3-A6AB-20D46A50D85A}.Release|x86.ActiveCfg = Release|Any CPU
		{EDAA9B7B-6415-4BE3-A6AB-20D46A50D85A}.Release|x86.Build.0 = Release|Any CPU
	EndGlobalSection
	GlobalSection(SolutionProperties) = preSolution
		HideSolutionNode = FALSE
	EndGlobalSection
	GlobalSection(NestedProjects) = preSolution
		{EDAA9B7B-6415-4BE3-A6AB-20D46A50D85A} = {042F32FD-337A-5304-B843-E60955631EEB}
	EndGlobalSection
EndGlobal
